
Microsoft Visual Studio Solution File, Format Version 12.00
# Visual Studio Version 16
VisualStudioVersion = 16.0.31410.357
MinimumVisualStudioVersion = 10.0.40219.1
Project("{FAE04EC0-301F-11D3-BF4B-00C04F79EFBC}") = "TheWorkSchedulingApp", "TheWorkSchedulingApp\TheWorkSchedulingApp.csproj", "{BCCA21F9-4B4A-4D4A-BBF7-AB5B7972E72B}"
EndProject
Global
	GlobalSection(SolutionConfigurationPlatforms) = preSolution
		Debug|Any CPU = Debug|Any CPU
		Release|Any CPU = Release|Any CPU
	EndGlobalSection
	GlobalSection(ProjectConfigurationPlatforms) = postSolution
		{BCCA21F9-4B4A-4D4A-BBF7-AB5B7972E72B}.Debug|Any CPU.ActiveCfg = Debug|Any CPU
		{BCCA21F9-4B4A-4D4A-BBF7-AB5B7972E72B}.Debug|Any CPU.Build.0 = Debug|Any CPU
		{BCCA21F9-4B4A-4D4A-BBF7-AB5B7972E72B}.Release|Any CPU.ActiveCfg = Release|Any CPU
		{BCCA21F9-4B4A-4D4A-BBF7-AB5B7972E72B}.Release|Any CPU.Build.0 = Release|Any CPU
	EndGlobalSection
	GlobalSection(SolutionProperties) = preSolution
		HideSolutionNode = FALSE
	EndGlobalSection
	GlobalSection(ExtensibilityGlobals) = postSolution
		SolutionGuid = {19601452-8025-4842-BCBA-23807174E2C0}
	EndGlobalSection
EndGlobal
